
Microsoft Visual Studio Solution File, Format Version 12.00
# Visual Studio Version 16
VisualStudioVersion = 16.0.29728.190
MinimumVisualStudioVersion = 10.0.40219.1
Project("{FAE04EC0-301F-11D3-BF4B-00C04F79EFBC}") = "01_RequestCounter", "01_RequestCounter\01_RequestCounter.csproj", "{D1AA35CF-C13E-466B-A4CF-DD2D067C53BC}"
EndProject
Project("{FAE04EC0-301F-11D3-BF4B-00C04F79EFBC}") = "02_Authorization", "02_Authorization\02_Authorization.csproj", "{DD945C88-A979-4013-A43C-E90A95C2B16D}"
EndProject
Project("{FAE04EC0-301F-11D3-BF4B-00C04F79EFBC}") = "03_Calculator", "03_Calculator\03_Calculator.csproj", "{142C16A5-7158-4C06-A5D9-E56205880885}"
EndProject
Global
	GlobalSection(SolutionConfigurationPlatforms) = preSolution
		Debug|Any CPU = Debug|Any CPU
		Release|Any CPU = Release|Any CPU
	EndGlobalSection
	GlobalSection(ProjectConfigurationPlatforms) = postSolution
		{D1AA35CF-C13E-466B-A4CF-DD2D067C53BC}.Debug|Any CPU.ActiveCfg = Debug|Any CPU
		{D1AA35CF-C13E-466B-A4CF-DD2D067C53BC}.Debug|Any CPU.Build.0 = Debug|Any CPU
		{D1AA35CF-C13E-466B-A4CF-DD2D067C53BC}.Release|Any CPU.ActiveCfg = Release|Any CPU
		{D1AA35CF-C13E-466B-A4CF-DD2D067C53BC}.Release|Any CPU.Build.0 = Release|Any CPU
		{DD945C88-A979-4013-A43C-E90A95C2B16D}.Debug|Any CPU.ActiveCfg = Debug|Any CPU
		{DD945C88-A979-4013-A43C-E90A95C2B16D}.Debug|Any CPU.Build.0 = Debug|Any CPU
		{DD945C88-A979-4013-A43C-E90A95C2B16D}.Release|Any CPU.ActiveCfg = Release|Any CPU
		{DD945C88-A979-4013-A43C-E90A95C2B16D}.Release|Any CPU.Build.0 = Release|Any CPU
		{142C16A5-7158-4C06-A5D9-E56205880885}.Debug|Any CPU.ActiveCfg = Debug|Any CPU
		{142C16A5-7158-4C06-A5D9-E56205880885}.Debug|Any CPU.Build.0 = Debug|Any CPU
		{142C16A5-7158-4C06-A5D9-E56205880885}.Release|Any CPU.ActiveCfg = Release|Any CPU
		{142C16A5-7158-4C06-A5D9-E56205880885}.Release|Any CPU.Build.0 = Release|Any CPU
	EndGlobalSection
	GlobalSection(SolutionProperties) = preSolution
		HideSolutionNode = FALSE
	EndGlobalSection
	GlobalSection(ExtensibilityGlobals) = postSolution
		SolutionGuid = {91CAC869-40B0-4B3E-9174-CA3A3B951468}
	EndGlobalSection
EndGlobal
