
Microsoft Visual Studio Solution File, Format Version 12.00
# Visual Studio 15
VisualStudioVersion = 15.0.28307.572
MinimumVisualStudioVersion = 10.0.40219.1
Project("{FAE04EC0-301F-11D3-BF4B-00C04F79EFBC}") = "ColorPrint", "ColorPrint\ColorPrint.csproj", "{689F06B9-A9EE-4C16-BE51-E9D04319DA60}"
EndProject
Project("{FAE04EC0-301F-11D3-BF4B-00C04F79EFBC}") = "EmployeePosition", "EmployeePosition\EmployeePosition.csproj", "{65D4B7C4-CE87-487B-B644-6E699BAFE4E9}"
EndProject
Global
	GlobalSection(SolutionConfigurationPlatforms) = preSolution
		Debug|Any CPU = Debug|Any CPU
		Release|Any CPU = Release|Any CPU
	EndGlobalSection
	GlobalSection(ProjectConfigurationPlatforms) = postSolution
		{689F06B9-A9EE-4C16-BE51-E9D04319DA60}.Debug|Any CPU.ActiveCfg = Debug|Any CPU
		{689F06B9-A9EE-4C16-BE51-E9D04319DA60}.Debug|Any CPU.Build.0 = Debug|Any CPU
		{689F06B9-A9EE-4C16-BE51-E9D04319DA60}.Release|Any CPU.ActiveCfg = Release|Any CPU
		{689F06B9-A9EE-4C16-BE51-E9D04319DA60}.Release|Any CPU.Build.0 = Release|Any CPU
		{65D4B7C4-CE87-487B-B644-6E699BAFE4E9}.Debug|Any CPU.ActiveCfg = Debug|Any CPU
		{65D4B7C4-CE87-487B-B644-6E699BAFE4E9}.Debug|Any CPU.Build.0 = Debug|Any CPU
		{65D4B7C4-CE87-487B-B644-6E699BAFE4E9}.Release|Any CPU.ActiveCfg = Release|Any CPU
		{65D4B7C4-CE87-487B-B644-6E699BAFE4E9}.Release|Any CPU.Build.0 = Release|Any CPU
	EndGlobalSection
	GlobalSection(SolutionProperties) = preSolution
		HideSolutionNode = FALSE
	EndGlobalSection
	GlobalSection(ExtensibilityGlobals) = postSolution
		SolutionGuid = {27E26A8E-84FE-486E-ACEE-656653BD9C10}
	EndGlobalSection
EndGlobal
