
Microsoft Visual Studio Solution File, Format Version 12.00
# Visual Studio 15
VisualStudioVersion = 15.0.28307.572
MinimumVisualStudioVersion = 10.0.40219.1
Project("{FAE04EC0-301F-11D3-BF4B-00C04F79EFBC}") = "Reflector", "Reflector\Reflector.csproj", "{B9FC83BF-2E6C-40FC-894E-4265B019E73C}"
EndProject
Project("{FAE04EC0-301F-11D3-BF4B-00C04F79EFBC}") = "TemperatureConverterDLL", "TemperatureConverter\TemperatureConverterDLL.csproj", "{5B184B06-FA35-4B2C-BA3E-E417B5660739}"
EndProject
Project("{FAE04EC0-301F-11D3-BF4B-00C04F79EFBC}") = "TemperatureConverterWF", "TemperatureConverterWF\TemperatureConverterWF.csproj", "{03FAFF89-FDEB-4975-A66A-AA4BD862D63C}"
EndProject
Global
	GlobalSection(SolutionConfigurationPlatforms) = preSolution
		Debug|Any CPU = Debug|Any CPU
		Release|Any CPU = Release|Any CPU
	EndGlobalSection
	GlobalSection(ProjectConfigurationPlatforms) = postSolution
		{B9FC83BF-2E6C-40FC-894E-4265B019E73C}.Debug|Any CPU.ActiveCfg = Debug|Any CPU
		{B9FC83BF-2E6C-40FC-894E-4265B019E73C}.Debug|Any CPU.Build.0 = Debug|Any CPU
		{B9FC83BF-2E6C-40FC-894E-4265B019E73C}.Release|Any CPU.ActiveCfg = Release|Any CPU
		{B9FC83BF-2E6C-40FC-894E-4265B019E73C}.Release|Any CPU.Build.0 = Release|Any CPU
		{5B184B06-FA35-4B2C-BA3E-E417B5660739}.Debug|Any CPU.ActiveCfg = Debug|Any CPU
		{5B184B06-FA35-4B2C-BA3E-E417B5660739}.Debug|Any CPU.Build.0 = Debug|Any CPU
		{5B184B06-FA35-4B2C-BA3E-E417B5660739}.Release|Any CPU.ActiveCfg = Release|Any CPU
		{5B184B06-FA35-4B2C-BA3E-E417B5660739}.Release|Any CPU.Build.0 = Release|Any CPU
		{03FAFF89-FDEB-4975-A66A-AA4BD862D63C}.Debug|Any CPU.ActiveCfg = Debug|Any CPU
		{03FAFF89-FDEB-4975-A66A-AA4BD862D63C}.Debug|Any CPU.Build.0 = Debug|Any CPU
		{03FAFF89-FDEB-4975-A66A-AA4BD862D63C}.Release|Any CPU.ActiveCfg = Release|Any CPU
		{03FAFF89-FDEB-4975-A66A-AA4BD862D63C}.Release|Any CPU.Build.0 = Release|Any CPU
	EndGlobalSection
	GlobalSection(SolutionProperties) = preSolution
		HideSolutionNode = FALSE
	EndGlobalSection
	GlobalSection(ExtensibilityGlobals) = postSolution
		SolutionGuid = {FBF4FD5D-1B5A-43A7-BD70-BD29B111D796}
	EndGlobalSection
EndGlobal
