
Microsoft Visual Studio Solution File, Format Version 12.00
# Visual Studio 15
VisualStudioVersion = 15.0.28307.572
MinimumVisualStudioVersion = 10.0.40219.1
Project("{FAE04EC0-301F-11D3-BF4B-00C04F79EFBC}") = "My_List", "My_List\My_List.csproj", "{45AF8130-E1E4-40CA-B9EC-9A4D1EB29108}"
EndProject
Project("{FAE04EC0-301F-11D3-BF4B-00C04F79EFBC}") = "My_Dictionary", "My_Dictionary\My_Dictionary.csproj", "{37455329-2C5F-4832-8EF6-1F1D27BF825F}"
EndProject
Global
	GlobalSection(SolutionConfigurationPlatforms) = preSolution
		Debug|Any CPU = Debug|Any CPU
		Release|Any CPU = Release|Any CPU
	EndGlobalSection
	GlobalSection(ProjectConfigurationPlatforms) = postSolution
		{45AF8130-E1E4-40CA-B9EC-9A4D1EB29108}.Debug|Any CPU.ActiveCfg = Debug|Any CPU
		{45AF8130-E1E4-40CA-B9EC-9A4D1EB29108}.Debug|Any CPU.Build.0 = Debug|Any CPU
		{45AF8130-E1E4-40CA-B9EC-9A4D1EB29108}.Release|Any CPU.ActiveCfg = Release|Any CPU
		{45AF8130-E1E4-40CA-B9EC-9A4D1EB29108}.Release|Any CPU.Build.0 = Release|Any CPU
		{37455329-2C5F-4832-8EF6-1F1D27BF825F}.Debug|Any CPU.ActiveCfg = Debug|Any CPU
		{37455329-2C5F-4832-8EF6-1F1D27BF825F}.Debug|Any CPU.Build.0 = Debug|Any CPU
		{37455329-2C5F-4832-8EF6-1F1D27BF825F}.Release|Any CPU.ActiveCfg = Release|Any CPU
		{37455329-2C5F-4832-8EF6-1F1D27BF825F}.Release|Any CPU.Build.0 = Release|Any CPU
	EndGlobalSection
	GlobalSection(SolutionProperties) = preSolution
		HideSolutionNode = FALSE
	EndGlobalSection
	GlobalSection(ExtensibilityGlobals) = postSolution
		SolutionGuid = {CF2B1CF4-3507-44D0-A8C6-41E879038B71}
	EndGlobalSection
EndGlobal
