
Microsoft Visual Studio Solution File, Format Version 12.00
# Visual Studio Version 16
VisualStudioVersion = 16.0.29728.190
MinimumVisualStudioVersion = 10.0.40219.1
Project("{FAE04EC0-301F-11D3-BF4B-00C04F79EFBC}") = "01_TableGenerator", "01_TableGenerator\01_TableGenerator.csproj", "{AFFF7F51-538C-40B7-82E5-4FF3409E125D}"
EndProject
Project("{FAE04EC0-301F-11D3-BF4B-00C04F79EFBC}") = "02_Themes", "02_Themes\02_Themes.csproj", "{A8D22942-A3DA-4E4F-87BE-EC9B04BFD7CF}"
EndProject
Global
	GlobalSection(SolutionConfigurationPlatforms) = preSolution
		Debug|Any CPU = Debug|Any CPU
		Release|Any CPU = Release|Any CPU
	EndGlobalSection
	GlobalSection(ProjectConfigurationPlatforms) = postSolution
		{AFFF7F51-538C-40B7-82E5-4FF3409E125D}.Debug|Any CPU.ActiveCfg = Debug|Any CPU
		{AFFF7F51-538C-40B7-82E5-4FF3409E125D}.Debug|Any CPU.Build.0 = Debug|Any CPU
		{AFFF7F51-538C-40B7-82E5-4FF3409E125D}.Release|Any CPU.ActiveCfg = Release|Any CPU
		{AFFF7F51-538C-40B7-82E5-4FF3409E125D}.Release|Any CPU.Build.0 = Release|Any CPU
		{A8D22942-A3DA-4E4F-87BE-EC9B04BFD7CF}.Debug|Any CPU.ActiveCfg = Debug|Any CPU
		{A8D22942-A3DA-4E4F-87BE-EC9B04BFD7CF}.Debug|Any CPU.Build.0 = Debug|Any CPU
		{A8D22942-A3DA-4E4F-87BE-EC9B04BFD7CF}.Release|Any CPU.ActiveCfg = Release|Any CPU
		{A8D22942-A3DA-4E4F-87BE-EC9B04BFD7CF}.Release|Any CPU.Build.0 = Release|Any CPU
	EndGlobalSection
	GlobalSection(SolutionProperties) = preSolution
		HideSolutionNode = FALSE
	EndGlobalSection
	GlobalSection(ExtensibilityGlobals) = postSolution
		SolutionGuid = {A8E13317-15B7-420A-BCBE-6A08130D4CC9}
	EndGlobalSection
EndGlobal
