
Microsoft Visual Studio Solution File, Format Version 12.00
# Visual Studio 15
VisualStudioVersion = 15.0.28307.572
MinimumVisualStudioVersion = 10.0.40219.1
Project("{FAE04EC0-301F-11D3-BF4B-00C04F79EFBC}") = "GenericCarCollection", "011_Constraints\GenericCarCollection.csproj", "{91BAE5F0-05BD-4890-9849-421BD6CDF375}"
EndProject
Project("{FAE04EC0-301F-11D3-BF4B-00C04F79EFBC}") = "MyDictionary", "MyDictionary\MyDictionary.csproj", "{0D43437B-7139-4E57-8353-9406C5033AF8}"
EndProject
Project("{FAE04EC0-301F-11D3-BF4B-00C04F79EFBC}") = "MyArrayList", "MyArrayList\MyArrayList.csproj", "{BC066532-6BB9-4836-A617-F9B585994AF0}"
EndProject
Global
	GlobalSection(SolutionConfigurationPlatforms) = preSolution
		Debug|Any CPU = Debug|Any CPU
		Release|Any CPU = Release|Any CPU
	EndGlobalSection
	GlobalSection(ProjectConfigurationPlatforms) = postSolution
		{91BAE5F0-05BD-4890-9849-421BD6CDF375}.Debug|Any CPU.ActiveCfg = Debug|Any CPU
		{91BAE5F0-05BD-4890-9849-421BD6CDF375}.Debug|Any CPU.Build.0 = Debug|Any CPU
		{91BAE5F0-05BD-4890-9849-421BD6CDF375}.Release|Any CPU.ActiveCfg = Release|Any CPU
		{91BAE5F0-05BD-4890-9849-421BD6CDF375}.Release|Any CPU.Build.0 = Release|Any CPU
		{0D43437B-7139-4E57-8353-9406C5033AF8}.Debug|Any CPU.ActiveCfg = Debug|Any CPU
		{0D43437B-7139-4E57-8353-9406C5033AF8}.Debug|Any CPU.Build.0 = Debug|Any CPU
		{0D43437B-7139-4E57-8353-9406C5033AF8}.Release|Any CPU.ActiveCfg = Release|Any CPU
		{0D43437B-7139-4E57-8353-9406C5033AF8}.Release|Any CPU.Build.0 = Release|Any CPU
		{BC066532-6BB9-4836-A617-F9B585994AF0}.Debug|Any CPU.ActiveCfg = Debug|Any CPU
		{BC066532-6BB9-4836-A617-F9B585994AF0}.Debug|Any CPU.Build.0 = Debug|Any CPU
		{BC066532-6BB9-4836-A617-F9B585994AF0}.Release|Any CPU.ActiveCfg = Release|Any CPU
		{BC066532-6BB9-4836-A617-F9B585994AF0}.Release|Any CPU.Build.0 = Release|Any CPU
	EndGlobalSection
	GlobalSection(SolutionProperties) = preSolution
		HideSolutionNode = FALSE
	EndGlobalSection
	GlobalSection(ExtensibilityGlobals) = postSolution
		SolutionGuid = {F24F2E10-AF5D-4B44-ABA3-1F9D56703D79}
	EndGlobalSection
EndGlobal
