
Microsoft Visual Studio Solution File, Format Version 12.00
# Visual Studio 15
VisualStudioVersion = 15.0.28307.572
MinimumVisualStudioVersion = 10.0.40219.1
Project("{FAE04EC0-301F-11D3-BF4B-00C04F79EFBC}") = "014_TPL", "014_TPL\014_TPL.csproj", "{602EDD4E-B3BE-4E51-9FE7-699D101CF83B}"
EndProject
Project("{FAE04EC0-301F-11D3-BF4B-00C04F79EFBC}") = "TwoParallelMethods", "TwoParallelMethods\TwoParallelMethods.csproj", "{FE1351D5-A76D-45CF-A9BC-6E23A1CBDEC7}"
EndProject
Global
	GlobalSection(SolutionConfigurationPlatforms) = preSolution
		Debug|Any CPU = Debug|Any CPU
		Release|Any CPU = Release|Any CPU
	EndGlobalSection
	GlobalSection(ProjectConfigurationPlatforms) = postSolution
		{602EDD4E-B3BE-4E51-9FE7-699D101CF83B}.Debug|Any CPU.ActiveCfg = Debug|Any CPU
		{602EDD4E-B3BE-4E51-9FE7-699D101CF83B}.Debug|Any CPU.Build.0 = Debug|Any CPU
		{602EDD4E-B3BE-4E51-9FE7-699D101CF83B}.Release|Any CPU.ActiveCfg = Release|Any CPU
		{602EDD4E-B3BE-4E51-9FE7-699D101CF83B}.Release|Any CPU.Build.0 = Release|Any CPU
		{FE1351D5-A76D-45CF-A9BC-6E23A1CBDEC7}.Debug|Any CPU.ActiveCfg = Debug|Any CPU
		{FE1351D5-A76D-45CF-A9BC-6E23A1CBDEC7}.Debug|Any CPU.Build.0 = Debug|Any CPU
		{FE1351D5-A76D-45CF-A9BC-6E23A1CBDEC7}.Release|Any CPU.ActiveCfg = Release|Any CPU
		{FE1351D5-A76D-45CF-A9BC-6E23A1CBDEC7}.Release|Any CPU.Build.0 = Release|Any CPU
	EndGlobalSection
	GlobalSection(SolutionProperties) = preSolution
		HideSolutionNode = FALSE
	EndGlobalSection
	GlobalSection(ExtensibilityGlobals) = postSolution
		SolutionGuid = {3261A3DF-BD38-47D1-828B-635684E1D77E}
	EndGlobalSection
EndGlobal
