
Microsoft Visual Studio Solution File, Format Version 12.00
# Visual Studio 15
VisualStudioVersion = 15.0.28307.572
MinimumVisualStudioVersion = 10.0.40219.1
Project("{FAE04EC0-301F-11D3-BF4B-00C04F79EFBC}") = "DisposePattern", "009_GarbageCollector\DisposePattern.csproj", "{3FFF8F0B-D137-465C-B677-C5F0AE070A56}"
EndProject
Project("{FAE04EC0-301F-11D3-BF4B-00C04F79EFBC}") = "RecourceController", "RecourceController\RecourceController.csproj", "{B07A01D6-4C0D-4E9C-9C9E-A8D5828F7B80}"
EndProject
Global
	GlobalSection(SolutionConfigurationPlatforms) = preSolution
		Debug|Any CPU = Debug|Any CPU
		Release|Any CPU = Release|Any CPU
	EndGlobalSection
	GlobalSection(ProjectConfigurationPlatforms) = postSolution
		{3FFF8F0B-D137-465C-B677-C5F0AE070A56}.Debug|Any CPU.ActiveCfg = Debug|Any CPU
		{3FFF8F0B-D137-465C-B677-C5F0AE070A56}.Debug|Any CPU.Build.0 = Debug|Any CPU
		{3FFF8F0B-D137-465C-B677-C5F0AE070A56}.Release|Any CPU.ActiveCfg = Release|Any CPU
		{3FFF8F0B-D137-465C-B677-C5F0AE070A56}.Release|Any CPU.Build.0 = Release|Any CPU
		{B07A01D6-4C0D-4E9C-9C9E-A8D5828F7B80}.Debug|Any CPU.ActiveCfg = Debug|Any CPU
		{B07A01D6-4C0D-4E9C-9C9E-A8D5828F7B80}.Debug|Any CPU.Build.0 = Debug|Any CPU
		{B07A01D6-4C0D-4E9C-9C9E-A8D5828F7B80}.Release|Any CPU.ActiveCfg = Release|Any CPU
		{B07A01D6-4C0D-4E9C-9C9E-A8D5828F7B80}.Release|Any CPU.Build.0 = Release|Any CPU
	EndGlobalSection
	GlobalSection(SolutionProperties) = preSolution
		HideSolutionNode = FALSE
	EndGlobalSection
	GlobalSection(ExtensibilityGlobals) = postSolution
		SolutionGuid = {FE1495A4-11B8-44FB-8492-B82DD4D0F4F2}
	EndGlobalSection
EndGlobal
