
Microsoft Visual Studio Solution File, Format Version 12.00
# Visual Studio 15
VisualStudioVersion = 15.0.28307.572
MinimumVisualStudioVersion = 10.0.40219.1
Project("{FAE04EC0-301F-11D3-BF4B-00C04F79EFBC}") = "LoginAndPass", "LoginAndPass\LoginAndPass.csproj", "{CDF392AF-B6A6-4AC1-A7BE-4DB05BF8E0B7}"
EndProject
Project("{FAE04EC0-301F-11D3-BF4B-00C04F79EFBC}") = "LinkPhoneMails", "LinkPhoneMails\LinkPhoneMails.csproj", "{D6A26B8F-2880-42B4-B73C-C871DDCC106B}"
EndProject
Project("{FAE04EC0-301F-11D3-BF4B-00C04F79EFBC}") = "decoder", "decoder\decoder.csproj", "{B1DC33C8-995E-4AE4-97F2-D467884C73E0}"
EndProject
Project("{FAE04EC0-301F-11D3-BF4B-00C04F79EFBC}") = "Culture", "Culture\Culture.csproj", "{076B4CE8-720C-4794-B3BB-36046F8B7BAC}"
EndProject
Global
	GlobalSection(SolutionConfigurationPlatforms) = preSolution
		Debug|Any CPU = Debug|Any CPU
		Release|Any CPU = Release|Any CPU
	EndGlobalSection
	GlobalSection(ProjectConfigurationPlatforms) = postSolution
		{CDF392AF-B6A6-4AC1-A7BE-4DB05BF8E0B7}.Debug|Any CPU.ActiveCfg = Debug|Any CPU
		{CDF392AF-B6A6-4AC1-A7BE-4DB05BF8E0B7}.Debug|Any CPU.Build.0 = Debug|Any CPU
		{CDF392AF-B6A6-4AC1-A7BE-4DB05BF8E0B7}.Release|Any CPU.ActiveCfg = Release|Any CPU
		{CDF392AF-B6A6-4AC1-A7BE-4DB05BF8E0B7}.Release|Any CPU.Build.0 = Release|Any CPU
		{D6A26B8F-2880-42B4-B73C-C871DDCC106B}.Debug|Any CPU.ActiveCfg = Debug|Any CPU
		{D6A26B8F-2880-42B4-B73C-C871DDCC106B}.Debug|Any CPU.Build.0 = Debug|Any CPU
		{D6A26B8F-2880-42B4-B73C-C871DDCC106B}.Release|Any CPU.ActiveCfg = Release|Any CPU
		{D6A26B8F-2880-42B4-B73C-C871DDCC106B}.Release|Any CPU.Build.0 = Release|Any CPU
		{B1DC33C8-995E-4AE4-97F2-D467884C73E0}.Debug|Any CPU.ActiveCfg = Debug|Any CPU
		{B1DC33C8-995E-4AE4-97F2-D467884C73E0}.Debug|Any CPU.Build.0 = Debug|Any CPU
		{B1DC33C8-995E-4AE4-97F2-D467884C73E0}.Release|Any CPU.ActiveCfg = Release|Any CPU
		{B1DC33C8-995E-4AE4-97F2-D467884C73E0}.Release|Any CPU.Build.0 = Release|Any CPU
		{076B4CE8-720C-4794-B3BB-36046F8B7BAC}.Debug|Any CPU.ActiveCfg = Debug|Any CPU
		{076B4CE8-720C-4794-B3BB-36046F8B7BAC}.Debug|Any CPU.Build.0 = Debug|Any CPU
		{076B4CE8-720C-4794-B3BB-36046F8B7BAC}.Release|Any CPU.ActiveCfg = Release|Any CPU
		{076B4CE8-720C-4794-B3BB-36046F8B7BAC}.Release|Any CPU.Build.0 = Release|Any CPU
	EndGlobalSection
	GlobalSection(SolutionProperties) = preSolution
		HideSolutionNode = FALSE
	EndGlobalSection
	GlobalSection(ExtensibilityGlobals) = postSolution
		SolutionGuid = {E66BBDD9-600C-4823-A91E-1605A496414A}
	EndGlobalSection
EndGlobal
