
Microsoft Visual Studio Solution File, Format Version 12.00
# Visual Studio 15
VisualStudioVersion = 15.0.28307.572
MinimumVisualStudioVersion = 10.0.40219.1
Project("{FAE04EC0-301F-11D3-BF4B-00C04F79EFBC}") = "100Directories", "003_IO\100Directories.csproj", "{6E7527DE-AC71-4885-B5E3-FACE06211915}"
EndProject
Project("{FAE04EC0-301F-11D3-BF4B-00C04F79EFBC}") = "CreateAndReadAndWrite", "CreateAndReadAndWrite\CreateAndReadAndWrite.csproj", "{35D38E52-D878-4975-9F89-A79D8B64804F}"
EndProject
Project("{FAE04EC0-301F-11D3-BF4B-00C04F79EFBC}") = "FindWiewAndCompress", "FindWiewAndCompress\FindWiewAndCompress.csproj", "{D9DE7071-EE39-4882-AAFE-0CB19A496AB3}"
EndProject
Global
	GlobalSection(SolutionConfigurationPlatforms) = preSolution
		Debug|Any CPU = Debug|Any CPU
		Release|Any CPU = Release|Any CPU
	EndGlobalSection
	GlobalSection(ProjectConfigurationPlatforms) = postSolution
		{6E7527DE-AC71-4885-B5E3-FACE06211915}.Debug|Any CPU.ActiveCfg = Debug|Any CPU
		{6E7527DE-AC71-4885-B5E3-FACE06211915}.Debug|Any CPU.Build.0 = Debug|Any CPU
		{6E7527DE-AC71-4885-B5E3-FACE06211915}.Release|Any CPU.ActiveCfg = Release|Any CPU
		{6E7527DE-AC71-4885-B5E3-FACE06211915}.Release|Any CPU.Build.0 = Release|Any CPU
		{35D38E52-D878-4975-9F89-A79D8B64804F}.Debug|Any CPU.ActiveCfg = Debug|Any CPU
		{35D38E52-D878-4975-9F89-A79D8B64804F}.Debug|Any CPU.Build.0 = Debug|Any CPU
		{35D38E52-D878-4975-9F89-A79D8B64804F}.Release|Any CPU.ActiveCfg = Release|Any CPU
		{35D38E52-D878-4975-9F89-A79D8B64804F}.Release|Any CPU.Build.0 = Release|Any CPU
		{D9DE7071-EE39-4882-AAFE-0CB19A496AB3}.Debug|Any CPU.ActiveCfg = Debug|Any CPU
		{D9DE7071-EE39-4882-AAFE-0CB19A496AB3}.Debug|Any CPU.Build.0 = Debug|Any CPU
		{D9DE7071-EE39-4882-AAFE-0CB19A496AB3}.Release|Any CPU.ActiveCfg = Release|Any CPU
		{D9DE7071-EE39-4882-AAFE-0CB19A496AB3}.Release|Any CPU.Build.0 = Release|Any CPU
	EndGlobalSection
	GlobalSection(SolutionProperties) = preSolution
		HideSolutionNode = FALSE
	EndGlobalSection
	GlobalSection(ExtensibilityGlobals) = postSolution
		SolutionGuid = {DA51AB1F-620E-4AD2-9C45-5024FB41047A}
	EndGlobalSection
EndGlobal
